<?xml version="1.0" encoding="UTF-8"?>
<CONFIG>
  <ProjectOptions>
    <Version Value="13"/>
    <General>
      <Flags>
        <MainUnitHasCreateFormStatements Value="False"/>
        <MainUnitHasTitleStatement Value="False"/>
        <MainUnitHasScaledStatement Value="False"/>
        <CompatibilityMode Value="True"/>
      </Flags>
      <ResourceType Value="res"/>
      <UseXPManifest Value="True"/>
      <Icon Value="0"/>
    </General>
    <i18n>
      <EnableI18N LFM="False"/>
    </i18n>
    <BuildModes Count="3" Active="Release">
      <Item1 Name="Default" Default="True"/>
      <Item2 Name="Debug">
        <CompilerOptions>
          <Version Value="11"/>
          <Target>
            <Filename Value="netmon"/>
          </Target>
          <SearchPaths>
            <IncludeFiles Value="$(ProjOutDir)"/>
            <UnitOutputDirectory Value="lib/$(TargetCPU)-$(TargetOS)"/>
          </SearchPaths>
          <Parsing>
            <SyntaxOptions>
              <IncludeAssertionCode Value="True"/>
            </SyntaxOptions>
          </Parsing>
          <CodeGeneration>
            <Checks>
              <IOChecks Value="True"/>
              <RangeChecks Value="True"/>
              <OverflowChecks Value="True"/>
              <StackChecks Value="True"/>
            </Checks>
            <TargetProcessor Value="ATHLON64"/>
            <TargetCPU Value="x86_64"/>
            <TargetOS Value="linux"/>
            <Optimizations>
              <VariablesInRegisters Value="True"/>
              <UncertainOptimizations Value="True"/>
            </Optimizations>
          </CodeGeneration>
          <Linking>
            <Debugging>
              <DebugInfoType Value="dsDwarf2Set"/>
              <UseLineInfoUnit Value="False"/>
              <UseHeaptrc Value="True"/>
              <UseExternalDbgSyms Value="True"/>
            </Debugging>
          </Linking>
        </CompilerOptions>
      </Item2>
      <Item3 Name="Release">
        <CompilerOptions>
          <Version Value="11"/>
          <Target>
            <Filename Value="netmon"/>
          </Target>
          <SearchPaths>
            <IncludeFiles Value="$(ProjOutDir)"/>
            <OtherUnitFiles Value="../common"/>
            <UnitOutputDirectory Value="lib/$(TargetCPU)-$(TargetOS)"/>
          </SearchPaths>
          <CodeGeneration>
            <SmartLinkUnit Value="True"/>
            <TargetCPU Value="aarch64"/>
            <TargetOS Value="linux"/>
            <Optimizations>
              <OptimizationLevel Value="3"/>
              <VariablesInRegisters Value="True"/>
              <UncertainOptimizations Value="True"/>
            </Optimizations>
          </CodeGeneration>
          <Linking>
            <Debugging>
              <GenerateDebugInfo Value="False"/>
              <UseLineInfoUnit Value="False"/>
              <StripSymbols Value="True"/>
            </Debugging>
            <LinkSmart Value="True"/>
          </Linking>
        </CompilerOptions>
      </Item3>
    </BuildModes>
    <PublishOptions>
      <Version Value="2"/>
    </PublishOptions>
    <RunParams>
      <FormatVersion Value="2"/>
      <Modes Count="1">
        <Mode0 Name="default"/>
      </Modes>
    </RunParams>
    <RequiredPackages Count="1">
      <Item1>
        <PackageName Value="LCL"/>
      </Item1>
    </RequiredPackages>
    <Units Count="19">
      <Unit0>
        <Filename Value="netmon.lpr"/>
        <IsPartOfProject Value="True"/>
        <Loaded Value="True"/>
        <UsageCount Value="44"/>
        <IsVisibleTab Value="True"/>
        <TopLine Value="54"/>
        <CursorPos X="3" Y="58"/>
      </Unit0>
      <Unit1>
        <Filename Value="../conntimer/main.pas"/>
        <ComponentName Value="Form1"/>
        <HasResources Value="True"/>
        <ResourceBaseClass Value="Form"/>
        <UsageCount Value="8"/>
        <TopLine Value="47"/>
        <CursorPos X="46" Y="25"/>
      </Unit1>
      <Unit2>
        <Filename Value="/usr/share/fpcsrc/2.4.2/rtl/objpas/dateutils.pp"/>
        <UsageCount Value="7"/>
        <CursorPos X="6"/>
      </Unit2>
      <Unit3>
        <Filename Value="/usr/share/fpcsrc/2.4.2/rtl/objpas/dateutil.inc"/>
        <UsageCount Value="7"/>
        <TopLine Value="2180"/>
        <CursorPos X="35" Y="2189"/>
      </Unit3>
      <Unit4>
        <Filename Value="/usr/share/fpcsrc/2.4.2/rtl/objpas/sysutils/datih.inc"/>
        <UsageCount Value="7"/>
        <TopLine Value="19"/>
        <CursorPos X="4" Y="40"/>
      </Unit4>
      <Unit5>
        <Filename Value="../../dump-net"/>
        <UsageCount Value="7"/>
        <CursorPos X="49" Y="5"/>
      </Unit5>
      <Unit6>
        <Filename Value="/usr/share/fpcsrc/2.4.2/rtl/linux/unxsysch.inc"/>
        <UsageCount Value="7"/>
        <CursorPos X="10" Y="16"/>
      </Unit6>
      <Unit7>
        <Filename Value="../../scripts/sysmon"/>
        <UsageCount Value="7"/>
        <TopLine Value="24"/>
        <CursorPos X="180" Y="65"/>
      </Unit7>
      <Unit8>
        <Filename Value="netinfo.pas"/>
        <IsPartOfProject Value="True"/>
        <UnitName Value="NetInfo"/>
        <UsageCount Value="44"/>
        <CursorPos X="38" Y="23"/>
      </Unit8>
      <Unit9>
        <Filename Value="../../development/fpc/rtl/unix/aliasptp.inc"/>
        <UsageCount Value="9"/>
        <TopLine Value="36"/>
        <CursorPos X="5" Y="57"/>
      </Unit9>
      <Unit10>
        <Filename Value="../../development/fpc/rtl/unix/unixtype.pp"/>
        <UsageCount Value="9"/>
        <CursorPos X="3" Y="24"/>
      </Unit10>
      <Unit11>
        <Filename Value="../../development/fpc/rtl/linux/ptypes.inc"/>
        <UsageCount Value="9"/>
        <TopLine Value="47"/>
        <CursorPos X="5" Y="86"/>
      </Unit11>
      <Unit12>
        <Filename Value="../../development/fpc/rtl/inc/systemh.inc"/>
        <UsageCount Value="9"/>
        <TopLine Value="571"/>
        <CursorPos X="13" Y="592"/>
      </Unit12>
      <Unit13>
        <Filename Value="../../development/fpc/rtl/inc/system.inc"/>
        <UsageCount Value="8"/>
        <TopLine Value="563"/>
        <CursorPos X="10" Y="536"/>
      </Unit13>
      <Unit14>
        <Filename Value="../daemon/netinfo.pas"/>
        <UnitName Value="NetInfo"/>
        <UsageCount Value="8"/>
      </Unit14>
      <Unit15>
        <Filename Value="../daemon/uikeythread.pas"/>
        <Loaded Value="True"/>
        <UsageCount Value="18"/>
        <EditorIndex Value="4"/>
        <CursorPos Y="12"/>
      </Unit15>
      <Unit16>
        <Filename Value="../daemon/uikeydaemon.pas"/>
        <Loaded Value="True"/>
        <UsageCount Value="18"/>
        <EditorIndex Value="3"/>
        <TopLine Value="44"/>
        <CursorPos Y="51"/>
      </Unit16>
      <Unit17>
        <Filename Value="../common/ikeycommon.pas"/>
        <IsPartOfProject Value="True"/>
        <Loaded Value="True"/>
        <UsageCount Value="35"/>
        <EditorIndex Value="1"/>
        <TopLine Value="30"/>
        <CursorPos X="24" Y="34"/>
      </Unit17>
      <Unit18>
        <Filename Value="../../ovoplayer/src/generalfunc.pas"/>
        <UnitName Value="GeneralFunc"/>
        <Loaded Value="True"/>
        <UsageCount Value="17"/>
        <EditorIndex Value="2"/>
        <TopLine Value="104"/>
        <CursorPos Y="112"/>
      </Unit18>
    </Units>
    <JumpHistory Count="30" HistoryIndex="29">
      <Position1>
        <Filename Value="netmon.lpr"/>
        <Caret Line="108" TopLine="91"/>
      </Position1>
      <Position2>
        <Filename Value="netmon.lpr"/>
        <Caret Line="109" TopLine="91"/>
      </Position2>
      <Position3>
        <Filename Value="netmon.lpr"/>
        <Caret Line="110" TopLine="91"/>
      </Position3>
      <Position4>
        <Filename Value="netmon.lpr"/>
        <Caret Line="111" TopLine="91"/>
      </Position4>
      <Position5>
        <Filename Value="netmon.lpr"/>
        <Caret Line="112" TopLine="91"/>
      </Position5>
      <Position6>
        <Filename Value="netmon.lpr"/>
        <Caret Line="113" TopLine="91"/>
      </Position6>
      <Position7>
        <Filename Value="netmon.lpr"/>
        <Caret Line="114" TopLine="91"/>
      </Position7>
      <Position8>
        <Filename Value="netmon.lpr"/>
        <Caret Line="115" TopLine="91"/>
      </Position8>
      <Position9>
        <Filename Value="netmon.lpr"/>
        <Caret Line="116" TopLine="91"/>
      </Position9>
      <Position10>
        <Filename Value="netmon.lpr"/>
        <Caret Line="117" TopLine="91"/>
      </Position10>
      <Position11>
        <Filename Value="netmon.lpr"/>
        <Caret Line="118" TopLine="91"/>
      </Position11>
      <Position12>
        <Filename Value="netmon.lpr"/>
        <Caret Line="119" TopLine="91"/>
      </Position12>
      <Position13>
        <Filename Value="netmon.lpr"/>
        <Caret Line="122" TopLine="106"/>
      </Position13>
      <Position14>
        <Filename Value="netmon.lpr"/>
        <Caret Line="124" TopLine="106"/>
      </Position14>
      <Position15>
        <Filename Value="netmon.lpr"/>
        <Caret Line="125" TopLine="106"/>
      </Position15>
      <Position16>
        <Filename Value="netmon.lpr"/>
        <Caret Line="127" TopLine="106"/>
      </Position16>
      <Position17>
        <Filename Value="netmon.lpr"/>
        <Caret Line="129" TopLine="106"/>
      </Position17>
      <Position18>
        <Filename Value="netmon.lpr"/>
        <Caret Line="137" TopLine="121"/>
      </Position18>
      <Position19>
        <Filename Value="netmon.lpr"/>
        <Caret Line="145" TopLine="121"/>
      </Position19>
      <Position20>
        <Filename Value="netmon.lpr"/>
        <Caret Line="147" TopLine="121"/>
      </Position20>
      <Position21>
        <Filename Value="netmon.lpr"/>
        <Caret Line="110" Column="43" TopLine="90"/>
      </Position21>
      <Position22>
        <Filename Value="netmon.lpr"/>
        <Caret Line="152" Column="48" TopLine="102"/>
      </Position22>
      <Position23>
        <Filename Value="netmon.lpr"/>
        <Caret Line="12" Column="6" TopLine="5"/>
      </Position23>
      <Position24>
        <Filename Value="../../ovoplayer/src/generalfunc.pas"/>
        <Caret Line="43" Column="18" TopLine="42"/>
      </Position24>
      <Position25>
        <Filename Value="netmon.lpr"/>
        <Caret Line="148" Column="38" TopLine="147"/>
      </Position25>
      <Position26>
        <Filename Value="netmon.lpr"/>
        <Caret Line="66" TopLine="59"/>
      </Position26>
      <Position27>
        <Filename Value="netmon.lpr"/>
        <Caret Line="65" Column="3" TopLine="60"/>
      </Position27>
      <Position28>
        <Filename Value="../common/ikeycommon.pas"/>
        <Caret Line="72" Column="38" TopLine="51"/>
      </Position28>
      <Position29>
        <Filename Value="../common/ikeycommon.pas"/>
        <Caret Line="34" Column="24" TopLine="30"/>
      </Position29>
      <Position30>
        <Filename Value="netmon.lpr"/>
        <Caret Line="58" Column="3" TopLine="54"/>
      </Position30>
    </JumpHistory>
  </ProjectOptions>
  <CompilerOptions>
    <Version Value="11"/>
    <Target>
      <Filename Value="netmon"/>
    </Target>
    <SearchPaths>
      <IncludeFiles Value="$(ProjOutDir)"/>
      <UnitOutputDirectory Value="lib/$(TargetCPU)-$(TargetOS)"/>
    </SearchPaths>
    <CodeGeneration>
      <TargetProcessor Value="ATHLON64"/>
      <TargetCPU Value="x86_64"/>
      <TargetOS Value="linux"/>
      <Optimizations>
        <VariablesInRegisters Value="True"/>
        <UncertainOptimizations Value="True"/>
      </Optimizations>
    </CodeGeneration>
    <Linking>
      <Debugging>
        <UseLineInfoUnit Value="False"/>
      </Debugging>
      <LinkSmart Value="True"/>
    </Linking>
  </CompilerOptions>
  <Debugging>
    <Exceptions Count="3">
      <Item1>
        <Name Value="EAbort"/>
      </Item1>
      <Item2>
        <Name Value="ECodetoolError"/>
      </Item2>
      <Item3>
        <Name Value="EFOpenError"/>
      </Item3>
    </Exceptions>
  </Debugging>
</CONFIG>
